// !$*UTF8*$!
{
	archiveVersion = 1;
	classes = {
	};
	objectVersion = 54;
	objects = {

/* Begin PBXBuildFile section */
		0C80B921A6F3F58F76C31292 /* libPods-CTInterviewTask.a in Frameworks */ = {isa = PBXBuildFile; fileRef = 5DCACB8F33CDC322A6C60F78 /* libPods-CTInterviewTask.a */; };
		13B07FBF1A68108700A75B9A /* Images.xcassets in Resources */ = {isa = PBXBuildFile; fileRef = 13B07FB51A68108700A75B9A /* Images.xcassets */; };
		761780ED2CA45674006654EE /* AppDelegate.swift in Sources */ = {isa = PBXBuildFile; fileRef = 761780EC2CA45674006654EE /* AppDelegate.swift */; };
		81AB9BB82411601600AC10FF /* LaunchScreen.storyboard in Resources */ = {isa = PBXBuildFile; fileRef = 81AB9BB72411601600AC10FF /* LaunchScreen.storyboard */; };
		B8A0E3383ECCC6FC937CDE9D /* PrivacyInfo.xcprivacy in Resources */ = {isa = PBXBuildFile; fileRef = 13B07FB81A68108700A75B9A /* PrivacyInfo.xcprivacy */; };
		70BB43E6F85C42CAA44A83AE /* Fontisto.ttf in Resources */ = {isa = PBXBuildFile; fileRef = F39AE5BBEC104C5DB0FDE876 /* Fontisto.ttf */; };
		2143CACA80674E8A8022AADD /* Lato-HeavyItalic.ttf in Resources */ = {isa = PBXBuildFile; fileRef = B21EDA515DBC4979A2133BF2 /* Lato-HeavyItalic.ttf */; };
		AC97961B242740C1B3E51069 /* Octicons.ttf in Resources */ = {isa = PBXBuildFile; fileRef = 71E9202745484C078D329CDB /* Octicons.ttf */; };
		55C8E52022C94D48AC0F981F /* Feather.ttf in Resources */ = {isa = PBXBuildFile; fileRef = 7B25085348A743EAA7F6F0E9 /* Feather.ttf */; };
		B85160D4870B41F19BB2A8B6 /* Lato-Italic.ttf in Resources */ = {isa = PBXBuildFile; fileRef = DC4D16F01A794542B57F0AF4 /* Lato-Italic.ttf */; };
		5460EB64041B42DF909F07C7 /* FontAwesome6_Regular.ttf in Resources */ = {isa = PBXBuildFile; fileRef = 29FBCEB3F3CE4C8895656AB6 /* FontAwesome6_Regular.ttf */; };
		E6B266E6254F4204A5FC6279 /* Entypo.ttf in Resources */ = {isa = PBXBuildFile; fileRef = BC65C824E3B540B1850C28C6 /* Entypo.ttf */; };
		B1290E6BB05C478F95174FDA /* Lato-LightItalic.ttf in Resources */ = {isa = PBXBuildFile; fileRef = B89D63632DB24E649A06AE5C /* Lato-LightItalic.ttf */; };
		1CCB142E00E24406B4E75659 /* FontAwesome5_Brands.ttf in Resources */ = {isa = PBXBuildFile; fileRef = DA0CD9E1F3CB498399899162 /* FontAwesome5_Brands.ttf */; };
		56C777513ACB4E0FB90B9725 /* Lato-Thin.ttf in Resources */ = {isa = PBXBuildFile; fileRef = C031421F71AD46D58D73E004 /* Lato-Thin.ttf */; };
		36A94497A1DE4C9ABA7F27A2 /* Lato-Bold.ttf in Resources */ = {isa = PBXBuildFile; fileRef = C916EE9C32D64F949C746952 /* Lato-Bold.ttf */; };
		C75FE05476FC4A6A852C9681 /* MaterialCommunityIcons.ttf in Resources */ = {isa = PBXBuildFile; fileRef = A8A5313AAD534219AA416285 /* MaterialCommunityIcons.ttf */; };
		CEDB86970E0D4BD6AB363B45 /* AntDesign.ttf in Resources */ = {isa = PBXBuildFile; fileRef = 03DDFD230D3541FF907EBC43 /* AntDesign.ttf */; };
		A762CDA4E8DF4A088459D536 /* Lato-Black.ttf in Resources */ = {isa = PBXBuildFile; fileRef = 3D74FD9A6BA04828B4CA9D30 /* Lato-Black.ttf */; };
		0AB49A27697B4E5B826915B9 /* Foundation.ttf in Resources */ = {isa = PBXBuildFile; fileRef = 245D99637FC04CFDBEFCCC74 /* Foundation.ttf */; };
		00051993D37B459E97FB6C71 /* Lato-SemiboldItalic.ttf in Resources */ = {isa = PBXBuildFile; fileRef = E2A2684638894E5EA24EE238 /* Lato-SemiboldItalic.ttf */; };
		C7584B51C25E4B85ABA0EDEB /* Ionicons.ttf in Resources */ = {isa = PBXBuildFile; fileRef = ED280D88DBFA42AF8D1BF8E1 /* Ionicons.ttf */; };
		90E0768479514FDA8F346803 /* FontAwesome5_Solid.ttf in Resources */ = {isa = PBXBuildFile; fileRef = 78591411E9F24E9A8BD5D899 /* FontAwesome5_Solid.ttf */; };
		FB95432912BF4DFEA6243C51 /* Lato-HairlineItalic.ttf in Resources */ = {isa = PBXBuildFile; fileRef = DA0E81032BEA4660AA026439 /* Lato-HairlineItalic.ttf */; };
		DC4F3191E93E4A158AA9EE53 /* FontAwesome5_Regular.ttf in Resources */ = {isa = PBXBuildFile; fileRef = 0C92E4EED80242219DAE35D1 /* FontAwesome5_Regular.ttf */; };
		2DCD30C199DC48679460C8F2 /* FontAwesome.ttf in Resources */ = {isa = PBXBuildFile; fileRef = BBF4E903B51F45069B7CDD32 /* FontAwesome.ttf */; };
		8A0D290E2E354E95BB6899E0 /* Lato-Regular.ttf in Resources */ = {isa = PBXBuildFile; fileRef = 15901A369908405D9FACE2B9 /* Lato-Regular.ttf */; };
		75C70BD2941E4AC98872DB7C /* Zocial.ttf in Resources */ = {isa = PBXBuildFile; fileRef = 0BCE36B9B09E4B5DA72BD354 /* Zocial.ttf */; };
		CCA6F5B0F98E4F2CB5AB9706 /* EvilIcons.ttf in Resources */ = {isa = PBXBuildFile; fileRef = 198828FD0D254A1BA3952E43 /* EvilIcons.ttf */; };
		12F311406ACF4623802581B6 /* Lato-Hairline.ttf in Resources */ = {isa = PBXBuildFile; fileRef = 286BEA9A2B7C4267A81C1FC1 /* Lato-Hairline.ttf */; };
		34FA256960834430B859A165 /* FontAwesome6_Solid.ttf in Resources */ = {isa = PBXBuildFile; fileRef = F4CE78CA66EF4EFEB6C4ECA0 /* FontAwesome6_Solid.ttf */; };
		8E69186E4A13413B8E36E25B /* SimpleLineIcons.ttf in Resources */ = {isa = PBXBuildFile; fileRef = 12C6DE8FDD2042BA8AB1FC6D /* SimpleLineIcons.ttf */; };
		9F1731A37A134E7EA2EDBF26 /* Lato-BlackItalic.ttf in Resources */ = {isa = PBXBuildFile; fileRef = 79DD1E4968FD44D688144572 /* Lato-BlackItalic.ttf */; };
		E312D99D64814A6A8925DF40 /* FontAwesome6_Brands.ttf in Resources */ = {isa = PBXBuildFile; fileRef = B8251F0C16404776AE4375A0 /* FontAwesome6_Brands.ttf */; };
		EF94D58AC7EE4F478465362D /* MaterialIcons.ttf in Resources */ = {isa = PBXBuildFile; fileRef = 68769360B17E497D996289AC /* MaterialIcons.ttf */; };
		01A9F2E6EFAB45A9981F488B /* Lato-Semibold.ttf in Resources */ = {isa = PBXBuildFile; fileRef = 6166F8A8136D41C38835B6F7 /* Lato-Semibold.ttf */; };
		B1765575D8A94A2D94F8A40B /* Lato-MediumItalic.ttf in Resources */ = {isa = PBXBuildFile; fileRef = 20C6E4A5FE4C4CF7A30C53FF /* Lato-MediumItalic.ttf */; };
		C0F3F7CAE66847729B47433E /* Lato-Heavy.ttf in Resources */ = {isa = PBXBuildFile; fileRef = 9CA9C4FEFFF64E1781D7A77B /* Lato-Heavy.ttf */; };
		D489A6ACAC284D7BA909EDBB /* Lato-BoldItalic.ttf in Resources */ = {isa = PBXBuildFile; fileRef = CEBD4BF430794DBC9C60CB83 /* Lato-BoldItalic.ttf */; };
		CA5E71C55FA849DD963F0F8E /* Lato-Light.ttf in Resources */ = {isa = PBXBuildFile; fileRef = D840C8612D32427C802278F8 /* Lato-Light.ttf */; };
		8B70EB4E6AF94A6FBC8035BE /* Lato-Medium.ttf in Resources */ = {isa = PBXBuildFile; fileRef = 3E1851A0434F4927959F356F /* Lato-Medium.ttf */; };
		B5E3E2C1B7044BA98FADB491 /* Lato-ThinItalic.ttf in Resources */ = {isa = PBXBuildFile; fileRef = F573F583F9324E3180342701 /* Lato-ThinItalic.ttf */; };
/* End PBXBuildFile section */

/* Begin PBXFileReference section */
		13B07F961A680F5B00A75B9A /* CTInterviewTask.app */ = {isa = PBXFileReference; explicitFileType = wrapper.application; includeInIndex = 0; path = CTInterviewTask.app; sourceTree = BUILT_PRODUCTS_DIR; };
		13B07FB51A68108700A75B9A /* Images.xcassets */ = {isa = PBXFileReference; lastKnownFileType = folder.assetcatalog; name = Images.xcassets; path = CTInterviewTask/Images.xcassets; sourceTree = "<group>"; };
		13B07FB61A68108700A75B9A /* Info.plist */ = {isa = PBXFileReference; fileEncoding = 4; lastKnownFileType = text.plist.xml; name = Info.plist; path = CTInterviewTask/Info.plist; sourceTree = "<group>"; };
		13B07FB81A68108700A75B9A /* PrivacyInfo.xcprivacy */ = {isa = PBXFileReference; fileEncoding = 4; lastKnownFileType = text.plist.xml; name = PrivacyInfo.xcprivacy; path = CTInterviewTask/PrivacyInfo.xcprivacy; sourceTree = "<group>"; };
		3B4392A12AC88292D35C810B /* Pods-CTInterviewTask.debug.xcconfig */ = {isa = PBXFileReference; includeInIndex = 1; lastKnownFileType = text.xcconfig; name = "Pods-CTInterviewTask.debug.xcconfig"; path = "Target Support Files/Pods-CTInterviewTask/Pods-CTInterviewTask.debug.xcconfig"; sourceTree = "<group>"; };
		5709B34CF0A7D63546082F79 /* Pods-CTInterviewTask.release.xcconfig */ = {isa = PBXFileReference; includeInIndex = 1; lastKnownFileType = text.xcconfig; name = "Pods-CTInterviewTask.release.xcconfig"; path = "Target Support Files/Pods-CTInterviewTask/Pods-CTInterviewTask.release.xcconfig"; sourceTree = "<group>"; };
		5DCACB8F33CDC322A6C60F78 /* libPods-CTInterviewTask.a */ = {isa = PBXFileReference; explicitFileType = archive.ar; includeInIndex = 0; path = "libPods-CTInterviewTask.a"; sourceTree = BUILT_PRODUCTS_DIR; };
		761780EC2CA45674006654EE /* AppDelegate.swift */ = {isa = PBXFileReference; lastKnownFileType = sourcecode.swift; name = AppDelegate.swift; path = CTInterviewTask/AppDelegate.swift; sourceTree = "<group>"; };
		81AB9BB72411601600AC10FF /* LaunchScreen.storyboard */ = {isa = PBXFileReference; fileEncoding = 4; lastKnownFileType = file.storyboard; name = LaunchScreen.storyboard; path = CTInterviewTask/LaunchScreen.storyboard; sourceTree = "<group>"; };
		ED297162215061F000B7C4FE /* JavaScriptCore.framework */ = {isa = PBXFileReference; lastKnownFileType = wrapper.framework; name = JavaScriptCore.framework; path = System/Library/Frameworks/JavaScriptCore.framework; sourceTree = SDKROOT; };
		F39AE5BBEC104C5DB0FDE876 /* Fontisto.ttf */ = {isa = PBXFileReference; name = "Fontisto.ttf"; path = "../node_modules/react-native-vector-icons/Fonts/Fontisto.ttf"; sourceTree = "<group>"; fileEncoding = undefined; lastKnownFileType = unknown; explicitFileType = undefined; includeInIndex = 0; };
		B21EDA515DBC4979A2133BF2 /* Lato-HeavyItalic.ttf */ = {isa = PBXFileReference; name = "Lato-HeavyItalic.ttf"; path = "../assets/fonts/Lato-HeavyItalic.ttf"; sourceTree = "<group>"; fileEncoding = undefined; lastKnownFileType = unknown; explicitFileType = undefined; includeInIndex = 0; };
		71E9202745484C078D329CDB /* Octicons.ttf */ = {isa = PBXFileReference; name = "Octicons.ttf"; path = "../node_modules/react-native-vector-icons/Fonts/Octicons.ttf"; sourceTree = "<group>"; fileEncoding = undefined; lastKnownFileType = unknown; explicitFileType = undefined; includeInIndex = 0; };
		7B25085348A743EAA7F6F0E9 /* Feather.ttf */ = {isa = PBXFileReference; name = "Feather.ttf"; path = "../node_modules/react-native-vector-icons/Fonts/Feather.ttf"; sourceTree = "<group>"; fileEncoding = undefined; lastKnownFileType = unknown; explicitFileType = undefined; includeInIndex = 0; };
		DC4D16F01A794542B57F0AF4 /* Lato-Italic.ttf */ = {isa = PBXFileReference; name = "Lato-Italic.ttf"; path = "../assets/fonts/Lato-Italic.ttf"; sourceTree = "<group>"; fileEncoding = undefined; lastKnownFileType = unknown; explicitFileType = undefined; includeInIndex = 0; };
		29FBCEB3F3CE4C8895656AB6 /* FontAwesome6_Regular.ttf */ = {isa = PBXFileReference; name = "FontAwesome6_Regular.ttf"; path = "../node_modules/react-native-vector-icons/Fonts/FontAwesome6_Regular.ttf"; sourceTree = "<group>"; fileEncoding = undefined; lastKnownFileType = unknown; explicitFileType = undefined; includeInIndex = 0; };
		BC65C824E3B540B1850C28C6 /* Entypo.ttf */ = {isa = PBXFileReference; name = "Entypo.ttf"; path = "../node_modules/react-native-vector-icons/Fonts/Entypo.ttf"; sourceTree = "<group>"; fileEncoding = undefined; lastKnownFileType = unknown; explicitFileType = undefined; includeInIndex = 0; };
		B89D63632DB24E649A06AE5C /* Lato-LightItalic.ttf */ = {isa = PBXFileReference; name = "Lato-LightItalic.ttf"; path = "../assets/fonts/Lato-LightItalic.ttf"; sourceTree = "<group>"; fileEncoding = undefined; lastKnownFileType = unknown; explicitFileType = undefined; includeInIndex = 0; };
		DA0CD9E1F3CB498399899162 /* FontAwesome5_Brands.ttf */ = {isa = PBXFileReference; name = "FontAwesome5_Brands.ttf"; path = "../node_modules/react-native-vector-icons/Fonts/FontAwesome5_Brands.ttf"; sourceTree = "<group>"; fileEncoding = undefined; lastKnownFileType = unknown; explicitFileType = undefined; includeInIndex = 0; };
		C031421F71AD46D58D73E004 /* Lato-Thin.ttf */ = {isa = PBXFileReference; name = "Lato-Thin.ttf"; path = "../assets/fonts/Lato-Thin.ttf"; sourceTree = "<group>"; fileEncoding = undefined; lastKnownFileType = unknown; explicitFileType = undefined; includeInIndex = 0; };
		C916EE9C32D64F949C746952 /* Lato-Bold.ttf */ = {isa = PBXFileReference; name = "Lato-Bold.ttf"; path = "../assets/fonts/Lato-Bold.ttf"; sourceTree = "<group>"; fileEncoding = undefined; lastKnownFileType = unknown; explicitFileType = undefined; includeInIndex = 0; };
		A8A5313AAD534219AA416285 /* MaterialCommunityIcons.ttf */ = {isa = PBXFileReference; name = "MaterialCommunityIcons.ttf"; path = "../node_modules/react-native-vector-icons/Fonts/MaterialCommunityIcons.ttf"; sourceTree = "<group>"; fileEncoding = undefined; lastKnownFileType = unknown; explicitFileType = undefined; includeInIndex = 0; };
		03DDFD230D3541FF907EBC43 /* AntDesign.ttf */ = {isa = PBXFileReference; name = "AntDesign.ttf"; path = "../node_modules/react-native-vector-icons/Fonts/AntDesign.ttf"; sourceTree = "<group>"; fileEncoding = undefined; lastKnownFileType = unknown; explicitFileType = undefined; includeInIndex = 0; };
		3D74FD9A6BA04828B4CA9D30 /* Lato-Black.ttf */ = {isa = PBXFileReference; name = "Lato-Black.ttf"; path = "../assets/fonts/Lato-Black.ttf"; sourceTree = "<group>"; fileEncoding = undefined; lastKnownFileType = unknown; explicitFileType = undefined; includeInIndex = 0; };
		245D99637FC04CFDBEFCCC74 /* Foundation.ttf */ = {isa = PBXFileReference; name = "Foundation.ttf"; path = "../node_modules/react-native-vector-icons/Fonts/Foundation.ttf"; sourceTree = "<group>"; fileEncoding = undefined; lastKnownFileType = unknown; explicitFileType = undefined; includeInIndex = 0; };
		E2A2684638894E5EA24EE238 /* Lato-SemiboldItalic.ttf */ = {isa = PBXFileReference; name = "Lato-SemiboldItalic.ttf"; path = "../assets/fonts/Lato-SemiboldItalic.ttf"; sourceTree = "<group>"; fileEncoding = undefined; lastKnownFileType = unknown; explicitFileType = undefined; includeInIndex = 0; };
		ED280D88DBFA42AF8D1BF8E1 /* Ionicons.ttf */ = {isa = PBXFileReference; name = "Ionicons.ttf"; path = "../node_modules/react-native-vector-icons/Fonts/Ionicons.ttf"; sourceTree = "<group>"; fileEncoding = undefined; lastKnownFileType = unknown; explicitFileType = undefined; includeInIndex = 0; };
		78591411E9F24E9A8BD5D899 /* FontAwesome5_Solid.ttf */ = {isa = PBXFileReference; name = "FontAwesome5_Solid.ttf"; path = "../node_modules/react-native-vector-icons/Fonts/FontAwesome5_Solid.ttf"; sourceTree = "<group>"; fileEncoding = undefined; lastKnownFileType = unknown; explicitFileType = undefined; includeInIndex = 0; };
		DA0E81032BEA4660AA026439 /* Lato-HairlineItalic.ttf */ = {isa = PBXFileReference; name = "Lato-HairlineItalic.ttf"; path = "../assets/fonts/Lato-HairlineItalic.ttf"; sourceTree = "<group>"; fileEncoding = undefined; lastKnownFileType = unknown; explicitFileType = undefined; includeInIndex = 0; };
		0C92E4EED80242219DAE35D1 /* FontAwesome5_Regular.ttf */ = {isa = PBXFileReference; name = "FontAwesome5_Regular.ttf"; path = "../node_modules/react-native-vector-icons/Fonts/FontAwesome5_Regular.ttf"; sourceTree = "<group>"; fileEncoding = undefined; lastKnownFileType = unknown; explicitFileType = undefined; includeInIndex = 0; };
		BBF4E903B51F45069B7CDD32 /* FontAwesome.ttf */ = {isa = PBXFileReference; name = "FontAwesome.ttf"; path = "../node_modules/react-native-vector-icons/Fonts/FontAwesome.ttf"; sourceTree = "<group>"; fileEncoding = undefined; lastKnownFileType = unknown; explicitFileType = undefined; includeInIndex = 0; };
		15901A369908405D9FACE2B9 /* Lato-Regular.ttf */ = {isa = PBXFileReference; name = "Lato-Regular.ttf"; path = "../assets/fonts/Lato-Regular.ttf"; sourceTree = "<group>"; fileEncoding = undefined; lastKnownFileType = unknown; explicitFileType = undefined; includeInIndex = 0; };
		0BCE36B9B09E4B5DA72BD354 /* Zocial.ttf */ = {isa = PBXFileReference; name = "Zocial.ttf"; path = "../node_modules/react-native-vector-icons/Fonts/Zocial.ttf"; sourceTree = "<group>"; fileEncoding = undefined; lastKnownFileType = unknown; explicitFileType = undefined; includeInIndex = 0; };
		198828FD0D254A1BA3952E43 /* EvilIcons.ttf */ = {isa = PBXFileReference; name = "EvilIcons.ttf"; path = "../node_modules/react-native-vector-icons/Fonts/EvilIcons.ttf"; sourceTree = "<group>"; fileEncoding = undefined; lastKnownFileType = unknown; explicitFileType = undefined; includeInIndex = 0; };
		286BEA9A2B7C4267A81C1FC1 /* Lato-Hairline.ttf */ = {isa = PBXFileReference; name = "Lato-Hairline.ttf"; path = "../assets/fonts/Lato-Hairline.ttf"; sourceTree = "<group>"; fileEncoding = undefined; lastKnownFileType = unknown; explicitFileType = undefined; includeInIndex = 0; };
		F4CE78CA66EF4EFEB6C4ECA0 /* FontAwesome6_Solid.ttf */ = {isa = PBXFileReference; name = "FontAwesome6_Solid.ttf"; path = "../node_modules/react-native-vector-icons/Fonts/FontAwesome6_Solid.ttf"; sourceTree = "<group>"; fileEncoding = undefined; lastKnownFileType = unknown; explicitFileType = undefined; includeInIndex = 0; };
		12C6DE8FDD2042BA8AB1FC6D /* SimpleLineIcons.ttf */ = {isa = PBXFileReference; name = "SimpleLineIcons.ttf"; path = "../node_modules/react-native-vector-icons/Fonts/SimpleLineIcons.ttf"; sourceTree = "<group>"; fileEncoding = undefined; lastKnownFileType = unknown; explicitFileType = undefined; includeInIndex = 0; };
		79DD1E4968FD44D688144572 /* Lato-BlackItalic.ttf */ = {isa = PBXFileReference; name = "Lato-BlackItalic.ttf"; path = "../assets/fonts/Lato-BlackItalic.ttf"; sourceTree = "<group>"; fileEncoding = undefined; lastKnownFileType = unknown; explicitFileType = undefined; includeInIndex = 0; };
		B8251F0C16404776AE4375A0 /* FontAwesome6_Brands.ttf */ = {isa = PBXFileReference; name = "FontAwesome6_Brands.ttf"; path = "../node_modules/react-native-vector-icons/Fonts/FontAwesome6_Brands.ttf"; sourceTree = "<group>"; fileEncoding = undefined; lastKnownFileType = unknown; explicitFileType = undefined; includeInIndex = 0; };
		68769360B17E497D996289AC /* MaterialIcons.ttf */ = {isa = PBXFileReference; name = "MaterialIcons.ttf"; path = "../node_modules/react-native-vector-icons/Fonts/MaterialIcons.ttf"; sourceTree = "<group>"; fileEncoding = undefined; lastKnownFileType = unknown; explicitFileType = undefined; includeInIndex = 0; };
		6166F8A8136D41C38835B6F7 /* Lato-Semibold.ttf */ = {isa = PBXFileReference; name = "Lato-Semibold.ttf"; path = "../assets/fonts/Lato-Semibold.ttf"; sourceTree = "<group>"; fileEncoding = undefined; lastKnownFileType = unknown; explicitFileType = undefined; includeInIndex = 0; };
		20C6E4A5FE4C4CF7A30C53FF /* Lato-MediumItalic.ttf */ = {isa = PBXFileReference; name = "Lato-MediumItalic.ttf"; path = "../assets/fonts/Lato-MediumItalic.ttf"; sourceTree = "<group>"; fileEncoding = undefined; lastKnownFileType = unknown; explicitFileType = undefined; includeInIndex = 0; };
		9CA9C4FEFFF64E1781D7A77B /* Lato-Heavy.ttf */ = {isa = PBXFileReference; name = "Lato-Heavy.ttf"; path = "../assets/fonts/Lato-Heavy.ttf"; sourceTree = "<group>"; fileEncoding = undefined; lastKnownFileType = unknown; explicitFileType = undefined; includeInIndex = 0; };
		CEBD4BF430794DBC9C60CB83 /* Lato-BoldItalic.ttf */ = {isa = PBXFileReference; name = "Lato-BoldItalic.ttf"; path = "../assets/fonts/Lato-BoldItalic.ttf"; sourceTree = "<group>"; fileEncoding = undefined; lastKnownFileType = unknown; explicitFileType = undefined; includeInIndex = 0; };
		D840C8612D32427C802278F8 /* Lato-Light.ttf */ = {isa = PBXFileReference; name = "Lato-Light.ttf"; path = "../assets/fonts/Lato-Light.ttf"; sourceTree = "<group>"; fileEncoding = undefined; lastKnownFileType = unknown; explicitFileType = undefined; includeInIndex = 0; };
		3E1851A0434F4927959F356F /* Lato-Medium.ttf */ = {isa = PBXFileReference; name = "Lato-Medium.ttf"; path = "../assets/fonts/Lato-Medium.ttf"; sourceTree = "<group>"; fileEncoding = undefined; lastKnownFileType = unknown; explicitFileType = undefined; includeInIndex = 0; };
		F573F583F9324E3180342701 /* Lato-ThinItalic.ttf */ = {isa = PBXFileReference; name = "Lato-ThinItalic.ttf"; path = "../assets/fonts/Lato-ThinItalic.ttf"; sourceTree = "<group>"; fileEncoding = undefined; lastKnownFileType = unknown; explicitFileType = undefined; includeInIndex = 0; };
/* End PBXFileReference section */

/* Begin PBXFrameworksBuildPhase section */
		13B07F8C1A680F5B00A75B9A /* Frameworks */ = {
			isa = PBXFrameworksBuildPhase;
			buildActionMask = 2147483647;
			files = (
				0C80B921A6F3F58F76C31292 /* libPods-CTInterviewTask.a in Frameworks */,
			);
			runOnlyForDeploymentPostprocessing = 0;
		};
/* End PBXFrameworksBuildPhase section */

/* Begin PBXGroup section */
		13B07FAE1A68108700A75B9A /* CTInterviewTask */ = {
			isa = PBXGroup;
			children = (
				13B07FB51A68108700A75B9A /* Images.xcassets */,
				761780EC2CA45674006654EE /* AppDelegate.swift */,
				13B07FB61A68108700A75B9A /* Info.plist */,
				81AB9BB72411601600AC10FF /* LaunchScreen.storyboard */,
				13B07FB81A68108700A75B9A /* PrivacyInfo.xcprivacy */,
			);
			name = CTInterviewTask;
			sourceTree = "<group>";
		};
		2D16E6871FA4F8E400B85C8A /* Frameworks */ = {
			isa = PBXGroup;
			children = (
				ED297162215061F000B7C4FE /* JavaScriptCore.framework */,
				5DCACB8F33CDC322A6C60F78 /* libPods-CTInterviewTask.a */,
			);
			name = Frameworks;
			sourceTree = "<group>";
		};
		832341AE1AAA6A7D00B99B32 /* Libraries */ = {
			isa = PBXGroup;
			children = (
			);
			name = Libraries;
			sourceTree = "<group>";
		};
		83CBB9F61A601CBA00E9B192 = {
			isa = PBXGroup;
			children = (
				13B07FAE1A68108700A75B9A /* CTInterviewTask */,
				832341AE1AAA6A7D00B99B32 /* Libraries */,
				83CBBA001A601CBA00E9B192 /* Products */,
				2D16E6871FA4F8E400B85C8A /* Frameworks */,
				BBD78D7AC51CEA395F1C20DB /* Pods */,
				8C69A008F2A3426E9AE23392 /* Resources */,
			);
			indentWidth = 2;
			sourceTree = "<group>";
			tabWidth = 2;
			usesTabs = 0;
		};
		83CBBA001A601CBA00E9B192 /* Products */ = {
			isa = PBXGroup;
			children = (
				13B07F961A680F5B00A75B9A /* CTInterviewTask.app */,
			);
			name = Products;
			sourceTree = "<group>";
		};
		BBD78D7AC51CEA395F1C20DB /* Pods */ = {
			isa = PBXGroup;
			children = (
				3B4392A12AC88292D35C810B /* Pods-CTInterviewTask.debug.xcconfig */,
				5709B34CF0A7D63546082F79 /* Pods-CTInterviewTask.release.xcconfig */,
			);
			path = Pods;
			sourceTree = "<group>";
		};
		8C69A008F2A3426E9AE23392 /* Resources */ = {
			isa = "PBXGroup";
			children = (
				F39AE5BBEC104C5DB0FDE876 /* Fontisto.ttf */,
				B21EDA515DBC4979A2133BF2 /* Lato-HeavyItalic.ttf */,
				71E9202745484C078D329CDB /* Octicons.ttf */,
				7B25085348A743EAA7F6F0E9 /* Feather.ttf */,
				DC4D16F01A794542B57F0AF4 /* Lato-Italic.ttf */,
				29FBCEB3F3CE4C8895656AB6 /* FontAwesome6_Regular.ttf */,
				BC65C824E3B540B1850C28C6 /* Entypo.ttf */,
				B89D63632DB24E649A06AE5C /* Lato-LightItalic.ttf */,
				DA0CD9E1F3CB498399899162 /* FontAwesome5_Brands.ttf */,
				C031421F71AD46D58D73E004 /* Lato-Thin.ttf */,
				C916EE9C32D64F949C746952 /* Lato-Bold.ttf */,
				A8A5313AAD534219AA416285 /* MaterialCommunityIcons.ttf */,
				03DDFD230D3541FF907EBC43 /* AntDesign.ttf */,
				3D74FD9A6BA04828B4CA9D30 /* Lato-Black.ttf */,
				245D99637FC04CFDBEFCCC74 /* Foundation.ttf */,
				E2A2684638894E5EA24EE238 /* Lato-SemiboldItalic.ttf */,
				ED280D88DBFA42AF8D1BF8E1 /* Ionicons.ttf */,
				78591411E9F24E9A8BD5D899 /* FontAwesome5_Solid.ttf */,
				DA0E81032BEA4660AA026439 /* Lato-HairlineItalic.ttf */,
				0C92E4EED80242219DAE35D1 /* FontAwesome5_Regular.ttf */,
				BBF4E903B51F45069B7CDD32 /* FontAwesome.ttf */,
				15901A369908405D9FACE2B9 /* Lato-Regular.ttf */,
				0BCE36B9B09E4B5DA72BD354 /* Zocial.ttf */,
				198828FD0D254A1BA3952E43 /* EvilIcons.ttf */,
				286BEA9A2B7C4267A81C1FC1 /* Lato-Hairline.ttf */,
				F4CE78CA66EF4EFEB6C4ECA0 /* FontAwesome6_Solid.ttf */,
				12C6DE8FDD2042BA8AB1FC6D /* SimpleLineIcons.ttf */,
				79DD1E4968FD44D688144572 /* Lato-BlackItalic.ttf */,
				B8251F0C16404776AE4375A0 /* FontAwesome6_Brands.ttf */,
				68769360B17E497D996289AC /* MaterialIcons.ttf */,
				6166F8A8136D41C38835B6F7 /* Lato-Semibold.ttf */,
				20C6E4A5FE4C4CF7A30C53FF /* Lato-MediumItalic.ttf */,
				9CA9C4FEFFF64E1781D7A77B /* Lato-Heavy.ttf */,
				CEBD4BF430794DBC9C60CB83 /* Lato-BoldItalic.ttf */,
				D840C8612D32427C802278F8 /* Lato-Light.ttf */,
				3E1851A0434F4927959F356F /* Lato-Medium.ttf */,
				F573F583F9324E3180342701 /* Lato-ThinItalic.ttf */,
			);
			name = Resources;
			sourceTree = "<group>";
			path = "";
		};
/* End PBXGroup section */

/* Begin PBXNativeTarget section */
		13B07F861A680F5B00A75B9A /* CTInterviewTask */ = {
			isa = PBXNativeTarget;
			buildConfigurationList = 13B07F931A680F5B00A75B9A /* Build configuration list for PBXNativeTarget "CTInterviewTask" */;
			buildPhases = (
				C38B50BA6285516D6DCD4F65 /* [CP] Check Pods Manifest.lock */,
				13B07F871A680F5B00A75B9A /* Sources */,
				13B07F8C1A680F5B00A75B9A /* Frameworks */,
				13B07F8E1A680F5B00A75B9A /* Resources */,
				00DD1BFF1BD5951E006B06BC /* Bundle React Native code and images */,
				00EEFC60759A1932668264C0 /* [CP] Embed Pods Frameworks */,
				E235C05ADACE081382539298 /* [CP] Copy Pods Resources */,
			);
			buildRules = (
			);
			dependencies = (
			);
			name = CTInterviewTask;
			productName = CTInterviewTask;
			productReference = 13B07F961A680F5B00A75B9A /* CTInterviewTask.app */;
			productType = "com.apple.product-type.application";
		};
/* End PBXNativeTarget section */

/* Begin PBXProject section */
		83CBB9F71A601CBA00E9B192 /* Project object */ = {
			isa = PBXProject;
			attributes = {
				LastUpgradeCheck = 1210;
				TargetAttributes = {
					13B07F861A680F5B00A75B9A = {
						LastSwiftMigration = 1120;
					};
				};
			};
			buildConfigurationList = 83CBB9FA1A601CBA00E9B192 /* Build configuration list for PBXProject "CTInterviewTask" */;
			compatibilityVersion = "Xcode 12.0";
			developmentRegion = en;
			hasScannedForEncodings = 0;
			knownRegions = (
				en,
				Base,
			);
			mainGroup = 83CBB9F61A601CBA00E9B192;
			productRefGroup = 83CBBA001A601CBA00E9B192 /* Products */;
			projectDirPath = "";
			projectRoot = "";
			targets = (
				13B07F861A680F5B00A75B9A /* CTInterviewTask */,
			);
		};
/* End PBXProject section */

/* Begin PBXResourcesBuildPhase section */
		13B07F8E1A680F5B00A75B9A /* Resources */ = {
			isa = PBXResourcesBuildPhase;
			buildActionMask = 2147483647;
			files = (
				81AB9BB82411601600AC10FF /* LaunchScreen.storyboard in Resources */,
				13B07FBF1A68108700A75B9A /* Images.xcassets in Resources */,
				B8A0E3383ECCC6FC937CDE9D /* PrivacyInfo.xcprivacy in Resources */,
				70BB43E6F85C42CAA44A83AE /* Fontisto.ttf in Resources */,
				2143CACA80674E8A8022AADD /* Lato-HeavyItalic.ttf in Resources */,
				AC97961B242740C1B3E51069 /* Octicons.ttf in Resources */,
				55C8E52022C94D48AC0F981F /* Feather.ttf in Resources */,
				B85160D4870B41F19BB2A8B6 /* Lato-Italic.ttf in Resources */,
				5460EB64041B42DF909F07C7 /* FontAwesome6_Regular.ttf in Resources */,
				E6B266E6254F4204A5FC6279 /* Entypo.ttf in Resources */,
				B1290E6BB05C478F95174FDA /* Lato-LightItalic.ttf in Resources */,
				1CCB142E00E24406B4E75659 /* FontAwesome5_Brands.ttf in Resources */,
				56C777513ACB4E0FB90B9725 /* Lato-Thin.ttf in Resources */,
				36A94497A1DE4C9ABA7F27A2 /* Lato-Bold.ttf in Resources */,
				C75FE05476FC4A6A852C9681 /* MaterialCommunityIcons.ttf in Resources */,
				CEDB86970E0D4BD6AB363B45 /* AntDesign.ttf in Resources */,
				A762CDA4E8DF4A088459D536 /* Lato-Black.ttf in Resources */,
				0AB49A27697B4E5B826915B9 /* Foundation.ttf in Resources */,
				00051993D37B459E97FB6C71 /* Lato-SemiboldItalic.ttf in Resources */,
				C7584B51C25E4B85ABA0EDEB /* Ionicons.ttf in Resources */,
				90E0768479514FDA8F346803 /* FontAwesome5_Solid.ttf in Resources */,
				FB95432912BF4DFEA6243C51 /* Lato-HairlineItalic.ttf in Resources */,
				DC4F3191E93E4A158AA9EE53 /* FontAwesome5_Regular.ttf in Resources */,
				2DCD30C199DC48679460C8F2 /* FontAwesome.ttf in Resources */,
				8A0D290E2E354E95BB6899E0 /* Lato-Regular.ttf in Resources */,
				75C70BD2941E4AC98872DB7C /* Zocial.ttf in Resources */,
				CCA6F5B0F98E4F2CB5AB9706 /* EvilIcons.ttf in Resources */,
				12F311406ACF4623802581B6 /* Lato-Hairline.ttf in Resources */,
				34FA256960834430B859A165 /* FontAwesome6_Solid.ttf in Resources */,
				8E69186E4A13413B8E36E25B /* SimpleLineIcons.ttf in Resources */,
				9F1731A37A134E7EA2EDBF26 /* Lato-BlackItalic.ttf in Resources */,
				E312D99D64814A6A8925DF40 /* FontAwesome6_Brands.ttf in Resources */,
				EF94D58AC7EE4F478465362D /* MaterialIcons.ttf in Resources */,
				01A9F2E6EFAB45A9981F488B /* Lato-Semibold.ttf in Resources */,
				B1765575D8A94A2D94F8A40B /* Lato-MediumItalic.ttf in Resources */,
				C0F3F7CAE66847729B47433E /* Lato-Heavy.ttf in Resources */,
				D489A6ACAC284D7BA909EDBB /* Lato-BoldItalic.ttf in Resources */,
				CA5E71C55FA849DD963F0F8E /* Lato-Light.ttf in Resources */,
				8B70EB4E6AF94A6FBC8035BE /* Lato-Medium.ttf in Resources */,
				B5E3E2C1B7044BA98FADB491 /* Lato-ThinItalic.ttf in Resources */,
			);
			runOnlyForDeploymentPostprocessing = 0;
		};
/* End PBXResourcesBuildPhase section */

/* Begin PBXShellScriptBuildPhase section */
		00DD1BFF1BD5951E006B06BC /* Bundle React Native code and images */ = {
			isa = PBXShellScriptBuildPhase;
			buildActionMask = 2147483647;
			files = (
			);
			inputPaths = (
				"$(SRCROOT)/.xcode.env.local",
				"$(SRCROOT)/.xcode.env",
			);
			name = "Bundle React Native code and images";
			outputPaths = (
			);
			runOnlyForDeploymentPostprocessing = 0;
			shellPath = /bin/sh;
			shellScript = "set -e\n\nWITH_ENVIRONMENT=\"$REACT_NATIVE_PATH/scripts/xcode/with-environment.sh\"\nREACT_NATIVE_XCODE=\"$REACT_NATIVE_PATH/scripts/react-native-xcode.sh\"\n\n/bin/sh -c \"\\\"$WITH_ENVIRONMENT\\\" \\\"$REACT_NATIVE_XCODE\\\"\"\n";
		};
		00EEFC60759A1932668264C0 /* [CP] Embed Pods Frameworks */ = {
			isa = PBXShellScriptBuildPhase;
			buildActionMask = 2147483647;
			files = (
			);
			inputFileListPaths = (
				"${PODS_ROOT}/Target Support Files/Pods-CTInterviewTask/Pods-CTInterviewTask-frameworks-${CONFIGURATION}-input-files.xcfilelist",
			);
			name = "[CP] Embed Pods Frameworks";
			outputFileListPaths = (
				"${PODS_ROOT}/Target Support Files/Pods-CTInterviewTask/Pods-CTInterviewTask-frameworks-${CONFIGURATION}-output-files.xcfilelist",
			);
			runOnlyForDeploymentPostprocessing = 0;
			shellPath = /bin/sh;
			shellScript = "\"${PODS_ROOT}/Target Support Files/Pods-CTInterviewTask/Pods-CTInterviewTask-frameworks.sh\"\n";
			showEnvVarsInLog = 0;
		};
		C38B50BA6285516D6DCD4F65 /* [CP] Check Pods Manifest.lock */ = {
			isa = PBXShellScriptBuildPhase;
			buildActionMask = 2147483647;
			files = (
			);
			inputFileListPaths = (
			);
			inputPaths = (
				"${PODS_PODFILE_DIR_PATH}/Podfile.lock",
				"${PODS_ROOT}/Manifest.lock",
			);
			name = "[CP] Check Pods Manifest.lock";
			outputFileListPaths = (
			);
			outputPaths = (
				"$(DERIVED_FILE_DIR)/Pods-CTInterviewTask-checkManifestLockResult.txt",
			);
			runOnlyForDeploymentPostprocessing = 0;
			shellPath = /bin/sh;
			shellScript = "diff \"${PODS_PODFILE_DIR_PATH}/Podfile.lock\" \"${PODS_ROOT}/Manifest.lock\" > /dev/null\nif [ $? != 0 ] ; then\n    # print error to STDERR\n    echo \"error: The sandbox is not in sync with the Podfile.lock. Run 'pod install' or update your CocoaPods installation.\" >&2\n    exit 1\nfi\n# This output is used by Xcode 'outputs' to avoid re-running this script phase.\necho \"SUCCESS\" > \"${SCRIPT_OUTPUT_FILE_0}\"\n";
			showEnvVarsInLog = 0;
		};
		E235C05ADACE081382539298 /* [CP] Copy Pods Resources */ = {
			isa = PBXShellScriptBuildPhase;
			buildActionMask = 2147483647;
			files = (
			);
			inputFileListPaths = (
				"${PODS_ROOT}/Target Support Files/Pods-CTInterviewTask/Pods-CTInterviewTask-resources-${CONFIGURATION}-input-files.xcfilelist",
			);
			name = "[CP] Copy Pods Resources";
			outputFileListPaths = (
				"${PODS_ROOT}/Target Support Files/Pods-CTInterviewTask/Pods-CTInterviewTask-resources-${CONFIGURATION}-output-files.xcfilelist",
			);
			runOnlyForDeploymentPostprocessing = 0;
			shellPath = /bin/sh;
			shellScript = "\"${PODS_ROOT}/Target Support Files/Pods-CTInterviewTask/Pods-CTInterviewTask-resources.sh\"\n";
			showEnvVarsInLog = 0;
		};
/* End PBXShellScriptBuildPhase section */

/* Begin PBXSourcesBuildPhase section */
		13B07F871A680F5B00A75B9A /* Sources */ = {
			isa = PBXSourcesBuildPhase;
			buildActionMask = 2147483647;
			files = (
				761780ED2CA45674006654EE /* AppDelegate.swift in Sources */,
			);
			runOnlyForDeploymentPostprocessing = 0;
		};
/* End PBXSourcesBuildPhase section */

/* Begin XCBuildConfiguration section */
		13B07F941A680F5B00A75B9A /* Debug */ = {
			isa = XCBuildConfiguration;
			baseConfigurationReference = 3B4392A12AC88292D35C810B /* Pods-CTInterviewTask.debug.xcconfig */;
			buildSettings = {
				ASSETCATALOG_COMPILER_APPICON_NAME = AppIcon;
				CLANG_ENABLE_MODULES = YES;
				CURRENT_PROJECT_VERSION = 1;
				ENABLE_BITCODE = NO;
				INFOPLIST_FILE = CTInterviewTask/Info.plist;
				IPHONEOS_DEPLOYMENT_TARGET = 15.1;
				LD_RUNPATH_SEARCH_PATHS = (
					"$(inherited)",
					"@executable_path/Frameworks",
				);
				MARKETING_VERSION = 1.0;
				OTHER_LDFLAGS = (
					"$(inherited)",
					"-ObjC",
					"-lc++",
				);
				PRODUCT_BUNDLE_IDENTIFIER = "org.reactjs.native.example.$(PRODUCT_NAME:rfc1034identifier)";
				PRODUCT_NAME = CTInterviewTask;
				SUPPORTED_PLATFORMS = "iphoneos iphonesimulator";
				SWIFT_OPTIMIZATION_LEVEL = "-Onone";
				SWIFT_VERSION = 5.0;
				TARGETED_DEVICE_FAMILY = "1,2";
				VERSIONING_SYSTEM = "apple-generic";
			};
			name = Debug;
		};
		13B07F951A680F5B00A75B9A /* Release */ = {
			isa = XCBuildConfiguration;
			baseConfigurationReference = 5709B34CF0A7D63546082F79 /* Pods-CTInterviewTask.release.xcconfig */;
			buildSettings = {
				ASSETCATALOG_COMPILER_APPICON_NAME = AppIcon;
				CLANG_ENABLE_MODULES = YES;
				CURRENT_PROJECT_VERSION = 1;
				INFOPLIST_FILE = CTInterviewTask/Info.plist;
				IPHONEOS_DEPLOYMENT_TARGET = 15.1;
				LD_RUNPATH_SEARCH_PATHS = (
					"$(inherited)",
					"@executable_path/Frameworks",
				);
				MARKETING_VERSION = 1.0;
				OTHER_LDFLAGS = (
					"$(inherited)",
					"-ObjC",
					"-lc++",
				);
				PRODUCT_BUNDLE_IDENTIFIER = "org.reactjs.native.example.$(PRODUCT_NAME:rfc1034identifier)";
				PRODUCT_NAME = CTInterviewTask;
				SUPPORTED_PLATFORMS = "iphoneos iphonesimulator";
				SWIFT_VERSION = 5.0;
				TARGETED_DEVICE_FAMILY = "1,2";
				VERSIONING_SYSTEM = "apple-generic";
			};
			name = Release;
		};
		83CBBA201A601CBA00E9B192 /* Debug */ = {
			isa = XCBuildConfiguration;
			buildSettings = {
				ALWAYS_SEARCH_USER_PATHS = NO;
				CLANG_ANALYZER_LOCALIZABILITY_NONLOCALIZED = YES;
				CLANG_CXX_LANGUAGE_STANDARD = "c++20";
				CLANG_CXX_LIBRARY = "libc++";
				CLANG_ENABLE_MODULES = YES;
				CLANG_ENABLE_OBJC_ARC = YES;
				CLANG_WARN_BLOCK_CAPTURE_AUTORELEASING = YES;
				CLANG_WARN_BOOL_CONVERSION = YES;
				CLANG_WARN_COMMA = YES;
				CLANG_WARN_CONSTANT_CONVERSION = YES;
				CLANG_WARN_DEPRECATED_OBJC_IMPLEMENTATIONS = YES;
				CLANG_WARN_DIRECT_OBJC_ISA_USAGE = YES_ERROR;
				CLANG_WARN_EMPTY_BODY = YES;
				CLANG_WARN_ENUM_CONVERSION = YES;
				CLANG_WARN_INFINITE_RECURSION = YES;
				CLANG_WARN_INT_CONVERSION = YES;
				CLANG_WARN_NON_LITERAL_NULL_CONVERSION = YES;
				CLANG_WARN_OBJC_IMPLICIT_RETAIN_SELF = YES;
				CLANG_WARN_OBJC_LITERAL_CONVERSION = YES;
				CLANG_WARN_OBJC_ROOT_CLASS = YES_ERROR;
				CLANG_WARN_QUOTED_INCLUDE_IN_FRAMEWORK_HEADER = YES;
				CLANG_WARN_RANGE_LOOP_ANALYSIS = YES;
				CLANG_WARN_STRICT_PROTOTYPES = YES;
				CLANG_WARN_SUSPICIOUS_MOVE = YES;
				CLANG_WARN_UNREACHABLE_CODE = YES;
				CLANG_WARN__DUPLICATE_METHOD_MATCH = YES;
				"CODE_SIGN_IDENTITY[sdk=iphoneos*]" = "iPhone Developer";
				COPY_PHASE_STRIP = NO;
				ENABLE_STRICT_OBJC_MSGSEND = YES;
				ENABLE_TESTABILITY = YES;
				"EXCLUDED_ARCHS[sdk=iphonesimulator*]" = "";
				GCC_C_LANGUAGE_STANDARD = gnu99;
				GCC_DYNAMIC_NO_PIC = NO;
				GCC_NO_COMMON_BLOCKS = YES;
				GCC_OPTIMIZATION_LEVEL = 0;
				GCC_PREPROCESSOR_DEFINITIONS = (
					"DEBUG=1",
					"$(inherited)",
				);
				GCC_SYMBOLS_PRIVATE_EXTERN = NO;
				GCC_WARN_64_TO_32_BIT_CONVERSION = YES;
				GCC_WARN_ABOUT_RETURN_TYPE = YES_ERROR;
				GCC_WARN_UNDECLARED_SELECTOR = YES;
				GCC_WARN_UNINITIALIZED_AUTOS = YES_AGGRESSIVE;
				GCC_WARN_UNUSED_FUNCTION = YES;
				GCC_WARN_UNUSED_VARIABLE = YES;
				IPHONEOS_DEPLOYMENT_TARGET = 15.1;
				LD_RUNPATH_SEARCH_PATHS = (
					/usr/lib/swift,
					"$(inherited)",
				);
				LIBRARY_SEARCH_PATHS = (
					"\"$(SDKROOT)/usr/lib/swift\"",
					"\"$(TOOLCHAIN_DIR)/usr/lib/swift/$(PLATFORM_NAME)\"",
					"\"$(inherited)\"",
				);
				MTL_ENABLE_DEBUG_INFO = YES;
				ONLY_ACTIVE_ARCH = YES;
				OTHER_CFLAGS = (
					"$(inherited)",
					"-DRCT_REMOVE_LEGACY_ARCH=1",
				);
				OTHER_CPLUSPLUSFLAGS = (
					"$(OTHER_CFLAGS)",
					"-DFOLLY_NO_CONFIG",
					"-DFOLLY_MOBILE=1",
					"-DFOLLY_USE_LIBCPP=1",
					"-DFOLLY_CFG_NO_COROUTINES=1",
					"-DFOLLY_HAVE_CLOCK_GETTIME=1",
					"-DRCT_REMOVE_LEGACY_ARCH=1",
				);
				REACT_NATIVE_PATH = "${PODS_ROOT}/../../node_modules/react-native";
				SDKROOT = iphoneos;
				SWIFT_ACTIVE_COMPILATION_CONDITIONS = "$(inherited) DEBUG";
				SWIFT_ENABLE_EXPLICIT_MODULES = NO;
				USE_HERMES = true;
			};
			name = Debug;
		};
		83CBBA211A601CBA00E9B192 /* Release */ = {
			isa = XCBuildConfiguration;
			buildSettings = {
				ALWAYS_SEARCH_USER_PATHS = NO;
				CLANG_ANALYZER_LOCALIZABILITY_NONLOCALIZED = YES;
				CLANG_CXX_LANGUAGE_STANDARD = "c++20";
				CLANG_CXX_LIBRARY = "libc++";
				CLANG_ENABLE_MODULES = YES;
				CLANG_ENABLE_OBJC_ARC = YES;
				CLANG_WARN_BLOCK_CAPTURE_AUTORELEASING = YES;
				CLANG_WARN_BOOL_CONVERSION = YES;
				CLANG_WARN_COMMA = YES;
				CLANG_WARN_CONSTANT_CONVERSION = YES;
				CLANG_WARN_DEPRECATED_OBJC_IMPLEMENTATIONS = YES;
				CLANG_WARN_DIRECT_OBJC_ISA_USAGE = YES_ERROR;
				CLANG_WARN_EMPTY_BODY = YES;
				CLANG_WARN_ENUM_CONVERSION = YES;
				CLANG_WARN_INFINITE_RECURSION = YES;
				CLANG_WARN_INT_CONVERSION = YES;
				CLANG_WARN_NON_LITERAL_NULL_CONVERSION = YES;
				CLANG_WARN_OBJC_IMPLICIT_RETAIN_SELF = YES;
				CLANG_WARN_OBJC_LITERAL_CONVERSION = YES;
				CLANG_WARN_OBJC_ROOT_CLASS = YES_ERROR;
				CLANG_WARN_QUOTED_INCLUDE_IN_FRAMEWORK_HEADER = YES;
				CLANG_WARN_RANGE_LOOP_ANALYSIS = YES;
				CLANG_WARN_STRICT_PROTOTYPES = YES;
				CLANG_WARN_SUSPICIOUS_MOVE = YES;
				CLANG_WARN_UNREACHABLE_CODE = YES;
				CLANG_WARN__DUPLICATE_METHOD_MATCH = YES;
				"CODE_SIGN_IDENTITY[sdk=iphoneos*]" = "iPhone Developer";
				COPY_PHASE_STRIP = YES;
				ENABLE_NS_ASSERTIONS = NO;
				ENABLE_STRICT_OBJC_MSGSEND = YES;
				"EXCLUDED_ARCHS[sdk=iphonesimulator*]" = "";
				GCC_C_LANGUAGE_STANDARD = gnu99;
				GCC_NO_COMMON_BLOCKS = YES;
				GCC_WARN_64_TO_32_BIT_CONVERSION = YES;
				GCC_WARN_ABOUT_RETURN_TYPE = YES_ERROR;
				GCC_WARN_UNDECLARED_SELECTOR = YES;
				GCC_WARN_UNINITIALIZED_AUTOS = YES_AGGRESSIVE;
				GCC_WARN_UNUSED_FUNCTION = YES;
				GCC_WARN_UNUSED_VARIABLE = YES;
				IPHONEOS_DEPLOYMENT_TARGET = 15.1;
				LD_RUNPATH_SEARCH_PATHS = (
					/usr/lib/swift,
					"$(inherited)",
				);
				LIBRARY_SEARCH_PATHS = (
					"\"$(SDKROOT)/usr/lib/swift\"",
					"\"$(TOOLCHAIN_DIR)/usr/lib/swift/$(PLATFORM_NAME)\"",
					"\"$(inherited)\"",
				);
				MTL_ENABLE_DEBUG_INFO = NO;
				OTHER_CFLAGS = (
					"$(inherited)",
					"-DRCT_REMOVE_LEGACY_ARCH=1",
				);
				OTHER_CPLUSPLUSFLAGS = (
					"$(OTHER_CFLAGS)",
					"-DFOLLY_NO_CONFIG",
					"-DFOLLY_MOBILE=1",
					"-DFOLLY_USE_LIBCPP=1",
					"-DFOLLY_CFG_NO_COROUTINES=1",
					"-DFOLLY_HAVE_CLOCK_GETTIME=1",
					"-DRCT_REMOVE_LEGACY_ARCH=1",
				);
				REACT_NATIVE_PATH = "${PODS_ROOT}/../../node_modules/react-native";
				SDKROOT = iphoneos;
				SWIFT_ENABLE_EXPLICIT_MODULES = NO;
				USE_HERMES = true;
				VALIDATE_PRODUCT = YES;
			};
			name = Release;
		};
/* End XCBuildConfiguration section */

/* Begin XCConfigurationList section */
		13B07F931A680F5B00A75B9A /* Build configuration list for PBXNativeTarget "CTInterviewTask" */ = {
			isa = XCConfigurationList;
			buildConfigurations = (
				13B07F941A680F5B00A75B9A /* Debug */,
				13B07F951A680F5B00A75B9A /* Release */,
			);
			defaultConfigurationIsVisible = 0;
			defaultConfigurationName = Release;
		};
		83CBB9FA1A601CBA00E9B192 /* Build configuration list for PBXProject "CTInterviewTask" */ = {
			isa = XCConfigurationList;
			buildConfigurations = (
				83CBBA201A601CBA00E9B192 /* Debug */,
				83CBBA211A601CBA00E9B192 /* Release */,
			);
			defaultConfigurationIsVisible = 0;
			defaultConfigurationName = Release;
		};
/* End XCConfigurationList section */
	};
	rootObject = 83CBB9F71A601CBA00E9B192 /* Project object */;
}
